{
  "name": "cordova-plugin-navigationbar-color",
  "version": "0.1.1",
  "lockfileVersion": 3,
  "requires": true,
  "packages": {
    "": {
      "name": "cordova-plugin-navigationbar-color",
      "version": "0.1.1",
      "license": "Apache-2.0",
      "engines": {
        "cordovaDependencies": {
          "0.1.0": {
            "cordova": ">=3.0.0"
          },
          "0.1.1": {
            "cordova-android": ">=7.1.4 <10.0.0"
          }
        }
      }
    }
  }
}
